{
  "name": "whiteboard",
  "version": "0.0.0",
  "lockfileVersion": 2,
  "requires": true,
  "packages": {
    "": {
      "name": "whiteboard",
      "version": "0.0.0",
      "license": "GPL-3.0-or-later",
      "dependencies": {
        "@svgdotjs/svg.js": "^3.1.1",
        "crypto-js": "^4.1.1",
        "mousetrap": "^1.6.5",
        "socket.io-client": "^4.4.0",
        "superb": "^4.0.0",
        "uuid": "^8.3.2"
      },
      "devDependencies": {
        "vite": "^2.6.4"
      }
    },
    "node_modules/@socket.io/component-emitter": {
      "version": "3.0.0",
      "resolved": "https://registry.npmjs.org/@socket.io/component-emitter/-/component-emitter-3.0.0.tgz",
      "integrity": "sha512-2pTGuibAXJswAPJjaKisthqS/NOK5ypG4LYT6tEAV0S/mxW0zOIvYvGK0V8w8+SHxAm6vRMSjqSalFXeBAqs+Q=="
    },
    "node_modules/@svgdotjs/svg.js": {
      "version": "3.1.1",
      "resolved": "https://registry.npmjs.org/@svgdotjs/svg.js/-/svg.js-3.1.1.tgz",
      "integrity": "sha512-73FggAUBS+zuHhJOMZiAsuE5qpwA4pmWUbLuvof2g3YnWEc3QhXA3tjqZlJJukBobSA23a/avf1Vb1U1QbER1Q==",
      "funding": {
        "type": "github",
        "url": "https://github.com/sponsors/Fuzzyma"
      }
    },
    "node_modules/backo2": {
      "version": "1.0.2",
      "resolved": "https://registry.npmjs.org/backo2/-/backo2-1.0.2.tgz",
      "integrity": "sha1-MasayLEpNjRj41s+u2n038+6eUc="
    },
    "node_modules/base64-arraybuffer": {
      "version": "1.0.1",
      "resolved": "https://registry.npmjs.org/base64-arraybuffer/-/base64-arraybuffer-1.0.1.tgz",
      "integrity": "sha512-vFIUq7FdLtjZMhATwDul5RZWv2jpXQ09Pd6jcVEOvIsqCWTRFD/ONHNfyOS8dA/Ippi5dsIgpyKWKZaAKZltbA==",
      "engines": {
        "node": ">= 0.6.0"
      }
    },
    "node_modules/crypto-js": {
      "version": "4.1.1",
      "resolved": "https://registry.npmjs.org/crypto-js/-/crypto-js-4.1.1.tgz",
      "integrity": "sha512-o2JlM7ydqd3Qk9CA0L4NL6mTzU2sdx96a+oOfPu8Mkl/PK51vSyoi8/rQ8NknZtk44vq15lmhAj9CIAGwgeWKw=="
    },
    "node_modules/debug": {
      "version": "4.3.2",
      "resolved": "https://registry.npmjs.org/debug/-/debug-4.3.2.tgz",
      "integrity": "sha512-mOp8wKcvj7XxC78zLgw/ZA+6TSgkoE2C/ienthhRD298T7UNwAg9diBpLRxC0mOezLl4B0xV7M0cCO6P/O0Xhw==",
      "dependencies": {
        "ms": "2.1.2"
      },
      "engines": {
        "node": ">=6.0"
      },
      "peerDependenciesMeta": {
        "supports-color": {
          "optional": true
        }
      }
    },
    "node_modules/engine.io-client": {
      "version": "6.1.1",
      "resolved": "https://registry.npmjs.org/engine.io-client/-/engine.io-client-6.1.1.tgz",
      "integrity": "sha512-V05mmDo4gjimYW+FGujoGmmmxRaDsrVr7AXA3ZIfa04MWM1jOfZfUwou0oNqhNwy/votUDvGDt4JA4QF4e0b4g==",
      "dependencies": {
        "@socket.io/component-emitter": "~3.0.0",
        "debug": "~4.3.1",
        "engine.io-parser": "~5.0.0",
        "has-cors": "1.1.0",
        "parseqs": "0.0.6",
        "parseuri": "0.0.6",
        "ws": "~8.2.3",
        "xmlhttprequest-ssl": "~2.0.0",
        "yeast": "0.1.2"
      }
    },
    "node_modules/engine.io-parser": {
      "version": "5.0.2",
      "resolved": "https://registry.npmjs.org/engine.io-parser/-/engine.io-parser-5.0.2.tgz",
      "integrity": "sha512-wuiO7qO/OEkPJSFueuATIXtrxF7/6GTbAO9QLv7nnbjwZ5tYhLm9zxvLwxstRs0dcT0KUlWTjtIOs1T86jt12g==",
      "dependencies": {
        "base64-arraybuffer": "~1.0.1"
      },
      "engines": {
        "node": ">=10.0.0"
      }
    },
    "node_modules/esbuild": {
      "version": "0.13.12",
      "resolved": "https://registry.npmjs.org/esbuild/-/esbuild-0.13.12.tgz",
      "integrity": "sha512-vTKKUt+yoz61U/BbrnmlG9XIjwpdIxmHB8DlPR0AAW6OdS+nBQBci6LUHU2q9WbBobMEIQxxDpKbkmOGYvxsow==",
      "dev": true,
      "hasInstallScript": true,
      "bin": {
        "esbuild": "bin/esbuild"
      },
      "optionalDependencies": {
        "esbuild-android-arm64": "0.13.12",
        "esbuild-darwin-64": "0.13.12",
        "esbuild-darwin-arm64": "0.13.12",
        "esbuild-freebsd-64": "0.13.12",
        "esbuild-freebsd-arm64": "0.13.12",
        "esbuild-linux-32": "0.13.12",
        "esbuild-linux-64": "0.13.12",
        "esbuild-linux-arm": "0.13.12",
        "esbuild-linux-arm64": "0.13.12",
        "esbuild-linux-mips64le": "0.13.12",
        "esbuild-linux-ppc64le": "0.13.12",
        "esbuild-netbsd-64": "0.13.12",
        "esbuild-openbsd-64": "0.13.12",
        "esbuild-sunos-64": "0.13.12",
        "esbuild-windows-32": "0.13.12",
        "esbuild-windows-64": "0.13.12",
        "esbuild-windows-arm64": "0.13.12"
      }
    },
    "node_modules/esbuild-android-arm64": {
      "version": "0.13.12",
      "resolved": "https://registry.npmjs.org/esbuild-android-arm64/-/esbuild-android-arm64-0.13.12.tgz",
      "integrity": "sha512-TSVZVrb4EIXz6KaYjXfTzPyyRpXV5zgYIADXtQsIenjZ78myvDGaPi11o4ZSaHIwFHsuwkB6ne5SZRBwAQ7maw==",
      "cpu": [
        "arm64"
      ],
      "dev": true,
      "optional": true,
      "os": [
        "android"
      ]
    },
    "node_modules/esbuild-darwin-64": {
      "version": "0.13.12",
      "resolved": "https://registry.npmjs.org/esbuild-darwin-64/-/esbuild-darwin-64-0.13.12.tgz",
      "integrity": "sha512-c51C+N+UHySoV2lgfWSwwmlnLnL0JWj/LzuZt9Ltk9ub1s2Y8cr6SQV5W3mqVH1egUceew6KZ8GyI4nwu+fhsw==",
      "cpu": [
        "x64"
      ],
      "dev": true,
      "optional": true,
      "os": [
        "darwin"
      ]
    },
    "node_modules/esbuild-darwin-arm64": {
      "version": "0.13.12",
      "resolved": "https://registry.npmjs.org/esbuild-darwin-arm64/-/esbuild-darwin-arm64-0.13.12.tgz",
      "integrity": "sha512-JvAMtshP45Hd8A8wOzjkY1xAnTKTYuP/QUaKp5eUQGX+76GIie3fCdUUr2ZEKdvpSImNqxiZSIMziEiGB5oUmQ==",
      "cpu": [
        "arm64"
      ],
      "dev": true,
      "optional": true,
      "os": [
        "darwin"
      ]
    },
    "node_modules/esbuild-freebsd-64": {
      "version": "0.13.12",
      "resolved": "https://registry.npmjs.org/esbuild-freebsd-64/-/esbuild-freebsd-64-0.13.12.tgz",
      "integrity": "sha512-r6On/Skv9f0ZjTu6PW5o7pdXr8aOgtFOEURJZYf1XAJs0IQ+gW+o1DzXjVkIoT+n1cm3N/t1KRJfX71MPg/ZUA==",
      "cpu": [
        "x64"
      ],
      "dev": true,
      "optional": true,
      "os": [
        "freebsd"
      ]
    },
    "node_modules/esbuild-freebsd-arm64": {
      "version": "0.13.12",
      "resolved": "https://registry.npmjs.org/esbuild-freebsd-arm64/-/esbuild-freebsd-arm64-0.13.12.tgz",
      "integrity": "sha512-F6LmI2Q1gii073kmBE3NOTt/6zLL5zvZsxNLF8PMAwdHc+iBhD1vzfI8uQZMJA1IgXa3ocr3L3DJH9fLGXy6Yw==",
      "cpu": [
        "arm64"
      ],
      "dev": true,
      "optional": true,
      "os": [
        "freebsd"
      ]
    },
    "node_modules/esbuild-linux-32": {
      "version": "0.13.12",
      "resolved": "https://registry.npmjs.org/esbuild-linux-32/-/esbuild-linux-32-0.13.12.tgz",
      "integrity": "sha512-U1UZwG3UIwF7/V4tCVAo/nkBV9ag5KJiJTt+gaCmLVWH3bPLX7y+fNlhIWZy8raTMnXhMKfaTvWZ9TtmXzvkuQ==",
      "cpu": [
        "ia32"
      ],
      "dev": true,
      "optional": true,
      "os": [
        "linux"
      ]
    },
    "node_modules/esbuild-linux-64": {
      "version": "0.13.12",
      "resolved": "https://registry.npmjs.org/esbuild-linux-64/-/esbuild-linux-64-0.13.12.tgz",
      "integrity": "sha512-YpXSwtu2NxN3N4ifJxEdsgd6Q5d8LYqskrAwjmoCT6yQnEHJSF5uWcxv783HWN7lnGpJi9KUtDvYsnMdyGw71Q==",
      "cpu": [
        "x64"
      ],
      "dev": true,
      "optional": true,
      "os": [
        "linux"
      ]
    },
    "node_modules/esbuild-linux-arm": {
      "version": "0.13.12",
      "resolved": "https://registry.npmjs.org/esbuild-linux-arm/-/esbuild-linux-arm-0.13.12.tgz",
      "integrity": "sha512-SyiT/JKxU6J+DY2qUiSLZJqCAftIt3uoGejZ0HDnUM2MGJqEGSGh7p1ecVL2gna3PxS4P+j6WAehCwgkBPXNIw==",
      "cpu": [
        "arm"
      ],
      "dev": true,
      "optional": true,
      "os": [
        "linux"
      ]
    },
    "node_modules/esbuild-linux-arm64": {
      "version": "0.13.12",
      "resolved": "https://registry.npmjs.org/esbuild-linux-arm64/-/esbuild-linux-arm64-0.13.12.tgz",
      "integrity": "sha512-sgDNb8kb3BVodtAlcFGgwk+43KFCYjnFOaOfJibXnnIojNWuJHpL6aQJ4mumzNWw8Rt1xEtDQyuGK9f+Y24jGA==",
      "cpu": [
        "arm64"
      ],
      "dev": true,
      "optional": true,
      "os": [
        "linux"
      ]
    },
    "node_modules/esbuild-linux-mips64le": {
      "version": "0.13.12",
      "resolved": "https://registry.npmjs.org/esbuild-linux-mips64le/-/esbuild-linux-mips64le-0.13.12.tgz",
      "integrity": "sha512-qQJHlZBG+QwVIA8AbTEtbvF084QgDi4DaUsUnA+EolY1bxrG+UyOuGflM2ZritGhfS/k7THFjJbjH2wIeoKA2g==",
      "cpu": [
        "mips64el"
      ],
      "dev": true,
      "optional": true,
      "os": [
        "linux"
      ]
    },
    "node_modules/esbuild-linux-ppc64le": {
      "version": "0.13.12",
      "resolved": "https://registry.npmjs.org/esbuild-linux-ppc64le/-/esbuild-linux-ppc64le-0.13.12.tgz",
      "integrity": "sha512-2dSnm1ldL7Lppwlo04CGQUpwNn5hGqXI38OzaoPOkRsBRWFBozyGxTFSee/zHFS+Pdh3b28JJbRK3owrrRgWNw==",
      "cpu": [
        "ppc64"
      ],
      "dev": true,
      "optional": true,
      "os": [
        "linux"
      ]
    },
    "node_modules/esbuild-netbsd-64": {
      "version": "0.13.12",
      "resolved": "https://registry.npmjs.org/esbuild-netbsd-64/-/esbuild-netbsd-64-0.13.12.tgz",
      "integrity": "sha512-D4raxr02dcRiQNbxOLzpqBzcJNFAdsDNxjUbKkDMZBkL54Z0vZh4LRndycdZAMcIdizC/l/Yp/ZsBdAFxc5nbA==",
      "cpu": [
        "x64"
      ],
      "dev": true,
      "optional": true,
      "os": [
        "netbsd"
      ]
    },
    "node_modules/esbuild-openbsd-64": {
      "version": "0.13.12",
      "resolved": "https://registry.npmjs.org/esbuild-openbsd-64/-/esbuild-openbsd-64-0.13.12.tgz",
      "integrity": "sha512-KuLCmYMb2kh05QuPJ+va60bKIH5wHL8ypDkmpy47lzwmdxNsuySeCMHuTv5o2Af1RUn5KLO5ZxaZeq4GEY7DaQ==",
      "cpu": [
        "x64"
      ],
      "dev": true,
      "optional": true,
      "os": [
        "openbsd"
      ]
    },
    "node_modules/esbuild-sunos-64": {
      "version": "0.13.12",
      "resolved": "https://registry.npmjs.org/esbuild-sunos-64/-/esbuild-sunos-64-0.13.12.tgz",
      "integrity": "sha512-jBsF+e0woK3miKI8ufGWKG3o3rY9DpHvCVRn5eburMIIE+2c+y3IZ1srsthKyKI6kkXLvV4Cf/E7w56kLipMXw==",
      "cpu": [
        "x64"
      ],
      "dev": true,
      "optional": true,
      "os": [
        "sunos"
      ]
    },
    "node_modules/esbuild-windows-32": {
      "version": "0.13.12",
      "resolved": "https://registry.npmjs.org/esbuild-windows-32/-/esbuild-windows-32-0.13.12.tgz",
      "integrity": "sha512-L9m4lLFQrFeR7F+eLZXG82SbXZfUhyfu6CexZEil6vm+lc7GDCE0Q8DiNutkpzjv1+RAbIGVva9muItQ7HVTkQ==",
      "cpu": [
        "ia32"
      ],
      "dev": true,
      "optional": true,
      "os": [
        "win32"
      ]
    },
    "node_modules/esbuild-windows-64": {
      "version": "0.13.12",
      "resolved": "https://registry.npmjs.org/esbuild-windows-64/-/esbuild-windows-64-0.13.12.tgz",
      "integrity": "sha512-k4tX4uJlSbSkfs78W5d9+I9gpd+7N95W7H2bgOMFPsYREVJs31+Q2gLLHlsnlY95zBoPQMIzHooUIsixQIBjaQ==",
      "cpu": [
        "x64"
      ],
      "dev": true,
      "optional": true,
      "os": [
        "win32"
      ]
    },
    "node_modules/esbuild-windows-arm64": {
      "version": "0.13.12",
      "resolved": "https://registry.npmjs.org/esbuild-windows-arm64/-/esbuild-windows-arm64-0.13.12.tgz",
      "integrity": "sha512-2tTv/BpYRIvuwHpp2M960nG7uvL+d78LFW/ikPItO+2GfK51CswIKSetSpDii+cjz8e9iSPgs+BU4o8nWICBwQ==",
      "cpu": [
        "arm64"
      ],
      "dev": true,
      "optional": true,
      "os": [
        "win32"
      ]
    },
    "node_modules/fsevents": {
      "version": "2.3.2",
      "resolved": "https://registry.npmjs.org/fsevents/-/fsevents-2.3.2.tgz",
      "integrity": "sha512-xiqMQR4xAeHTuB9uWm+fFRcIOgKBMiOBP+eXiyT7jsgVCq1bkVygt00oASowB7EdtpOHaaPgKt812P9ab+DDKA==",
      "dev": true,
      "hasInstallScript": true,
      "optional": true,
      "os": [
        "darwin"
      ],
      "engines": {
        "node": "^8.16.0 || ^10.6.0 || >=11.0.0"
      }
    },
    "node_modules/function-bind": {
      "version": "1.1.1",
      "resolved": "https://registry.npmjs.org/function-bind/-/function-bind-1.1.1.tgz",
      "integrity": "sha512-yIovAzMX49sF8Yl58fSCWJ5svSLuaibPxXQJFLmBObTuCr0Mf1KiPopGM9NiFjiYBCbfaa2Fh6breQ6ANVTI0A==",
      "dev": true
    },
    "node_modules/has": {
      "version": "1.0.3",
      "resolved": "https://registry.npmjs.org/has/-/has-1.0.3.tgz",
      "integrity": "sha512-f2dvO0VU6Oej7RkWJGrehjbzMAjFp5/VKPp5tTpWIV4JHHZK1/BxbFRtf/siA2SWTe09caDmVtYYzWEIbBS4zw==",
      "dev": true,
      "dependencies": {
        "function-bind": "^1.1.1"
      },
      "engines": {
        "node": ">= 0.4.0"
      }
    },
    "node_modules/has-cors": {
      "version": "1.1.0",
      "resolved": "https://registry.npmjs.org/has-cors/-/has-cors-1.1.0.tgz",
      "integrity": "sha1-XkdHk/fqmEPRu5nCPu9J/xJv/zk="
    },
    "node_modules/is-core-module": {
      "version": "2.8.0",
      "resolved": "https://registry.npmjs.org/is-core-module/-/is-core-module-2.8.0.tgz",
      "integrity": "sha512-vd15qHsaqrRL7dtH6QNuy0ndJmRDrS9HAM1CAiSifNUFv4x1a0CCVsj18hJ1mShxIG6T2i1sO78MkP56r0nYRw==",
      "dev": true,
      "dependencies": {
        "has": "^1.0.3"
      },
      "funding": {
        "url": "https://github.com/sponsors/ljharb"
      }
    },
    "node_modules/mousetrap": {
      "version": "1.6.5",
      "resolved": "https://registry.npmjs.org/mousetrap/-/mousetrap-1.6.5.tgz",
      "integrity": "sha512-QNo4kEepaIBwiT8CDhP98umTetp+JNfQYBWvC1pc6/OAibuXtRcxZ58Qz8skvEHYvURne/7R8T5VoOI7rDsEUA=="
    },
    "node_modules/ms": {
      "version": "2.1.2",
      "resolved": "https://registry.npmjs.org/ms/-/ms-2.1.2.tgz",
      "integrity": "sha512-sGkPx+VjMtmA6MX27oA4FBFELFCZZ4S4XqeGOXCv68tT+jb3vk/RyaKWP0PTKyWtmLSM0b+adUTEvbs1PEaH2w=="
    },
    "node_modules/nanoid": {
      "version": "3.1.30",
      "resolved": "https://registry.npmjs.org/nanoid/-/nanoid-3.1.30.tgz",
      "integrity": "sha512-zJpuPDwOv8D2zq2WRoMe1HsfZthVewpel9CAvTfc/2mBD1uUT/agc5f7GHGWXlYkFvi1mVxe4IjvP2HNrop7nQ==",
      "dev": true,
      "bin": {
        "nanoid": "bin/nanoid.cjs"
      },
      "engines": {
        "node": "^10 || ^12 || ^13.7 || ^14 || >=15.0.1"
      }
    },
    "node_modules/parseqs": {
      "version": "0.0.6",
      "resolved": "https://registry.npmjs.org/parseqs/-/parseqs-0.0.6.tgz",
      "integrity": "sha512-jeAGzMDbfSHHA091hr0r31eYfTig+29g3GKKE/PPbEQ65X0lmMwlEoqmhzu0iztID5uJpZsFlUPDP8ThPL7M8w=="
    },
    "node_modules/parseuri": {
      "version": "0.0.6",
      "resolved": "https://registry.npmjs.org/parseuri/-/parseuri-0.0.6.tgz",
      "integrity": "sha512-AUjen8sAkGgao7UyCX6Ahv0gIK2fABKmYjvP4xmy5JaKvcbTRueIqIPHLAfq30xJddqSE033IOMUSOMCcK3Sow=="
    },
    "node_modules/path-parse": {
      "version": "1.0.7",
      "resolved": "https://registry.npmjs.org/path-parse/-/path-parse-1.0.7.tgz",
      "integrity": "sha512-LDJzPVEEEPR+y48z93A0Ed0yXb8pAByGWo/k5YYdYgpY2/2EsOsksJrq7lOHxryrVOn1ejG6oAp8ahvOIQD8sw==",
      "dev": true
    },
    "node_modules/picocolors": {
      "version": "1.0.0",
      "resolved": "https://registry.npmjs.org/picocolors/-/picocolors-1.0.0.tgz",
      "integrity": "sha512-1fygroTLlHu66zi26VoTDv8yRgm0Fccecssto+MhsZ0D/DGW2sm8E8AjW7NU5VVTRt5GxbeZ5qBuJr+HyLYkjQ==",
      "dev": true
    },
    "node_modules/postcss": {
      "version": "8.3.11",
      "resolved": "https://registry.npmjs.org/postcss/-/postcss-8.3.11.tgz",
      "integrity": "sha512-hCmlUAIlUiav8Xdqw3Io4LcpA1DOt7h3LSTAC4G6JGHFFaWzI6qvFt9oilvl8BmkbBRX1IhM90ZAmpk68zccQA==",
      "dev": true,
      "dependencies": {
        "nanoid": "^3.1.30",
        "picocolors": "^1.0.0",
        "source-map-js": "^0.6.2"
      },
      "engines": {
        "node": "^10 || ^12 || >=14"
      },
      "funding": {
        "type": "opencollective",
        "url": "https://opencollective.com/postcss/"
      }
    },
    "node_modules/resolve": {
      "version": "1.20.0",
      "resolved": "https://registry.npmjs.org/resolve/-/resolve-1.20.0.tgz",
      "integrity": "sha512-wENBPt4ySzg4ybFQW2TT1zMQucPK95HSh/nq2CFTZVOGut2+pQvSsgtda4d26YrYcr067wjbmzOG8byDPBX63A==",
      "dev": true,
      "dependencies": {
        "is-core-module": "^2.2.0",
        "path-parse": "^1.0.6"
      },
      "funding": {
        "url": "https://github.com/sponsors/ljharb"
      }
    },
    "node_modules/rollup": {
      "version": "2.59.0",
      "resolved": "https://registry.npmjs.org/rollup/-/rollup-2.59.0.tgz",
      "integrity": "sha512-l7s90JQhCQ6JyZjKgo7Lq1dKh2RxatOM+Jr6a9F7WbS9WgKbocyUSeLmZl8evAse7y96Ae98L2k1cBOwWD8nHw==",
      "dev": true,
      "bin": {
        "rollup": "dist/bin/rollup"
      },
      "engines": {
        "node": ">=10.0.0"
      },
      "optionalDependencies": {
        "fsevents": "~2.3.2"
      }
    },
    "node_modules/socket.io-client": {
      "version": "4.4.0",
      "resolved": "https://registry.npmjs.org/socket.io-client/-/socket.io-client-4.4.0.tgz",
      "integrity": "sha512-g7riSEJXi7qCFImPow98oT8X++MSsHz6MMFRXkWNJ6uEROSHOa3kxdrsYWMq85dO+09CFMkcqlpjvbVXQl4z6g==",
      "dependencies": {
        "@socket.io/component-emitter": "~3.0.0",
        "backo2": "~1.0.2",
        "debug": "~4.3.2",
        "engine.io-client": "~6.1.1",
        "parseuri": "0.0.6",
        "socket.io-parser": "~4.1.1"
      },
      "engines": {
        "node": ">=10.0.0"
      }
    },
    "node_modules/socket.io-parser": {
      "version": "4.1.1",
      "resolved": "https://registry.npmjs.org/socket.io-parser/-/socket.io-parser-4.1.1.tgz",
      "integrity": "sha512-USQVLSkDWE5nbcY760ExdKaJxCE65kcsG/8k5FDGZVVxpD1pA7hABYXYkCUvxUuYYh/+uQw0N/fvBzfT8o07KA==",
      "dependencies": {
        "@socket.io/component-emitter": "~3.0.0",
        "debug": "~4.3.1"
      },
      "engines": {
        "node": ">=10.0.0"
      }
    },
    "node_modules/source-map-js": {
      "version": "0.6.2",
      "resolved": "https://registry.npmjs.org/source-map-js/-/source-map-js-0.6.2.tgz",
      "integrity": "sha512-/3GptzWzu0+0MBQFrDKzw/DvvMTUORvgY6k6jd/VS6iCR4RDTKWH6v6WPwQoUO8667uQEf9Oe38DxAYWY5F/Ug==",
      "dev": true,
      "engines": {
        "node": ">=0.10.0"
      }
    },
    "node_modules/superb": {
      "version": "4.0.0",
      "resolved": "https://registry.npmjs.org/superb/-/superb-4.0.0.tgz",
      "integrity": "sha512-4Kie62y4kBxNGXXWJAVR63sdQlswBZq2G/x1d37pRQbjqfhIH1WPhirZFHZUpI76uCDrFnxej0F3NtEy1/H+OQ==",
      "dependencies": {
        "unique-random-array": "^2.0.0"
      },
      "engines": {
        "node": ">=8"
      }
    },
    "node_modules/unique-random": {
      "version": "2.1.0",
      "resolved": "https://registry.npmjs.org/unique-random/-/unique-random-2.1.0.tgz",
      "integrity": "sha512-iQ1ZgWac3b8YxGThecQFRQiqgk6xFERRwHZIWeVVsqlbmgCRl0PY13R4mUkodNgctmg5b5odG1nyW/IbOxQTqg==",
      "engines": {
        "node": ">=6"
      }
    },
    "node_modules/unique-random-array": {
      "version": "2.0.0",
      "resolved": "https://registry.npmjs.org/unique-random-array/-/unique-random-array-2.0.0.tgz",
      "integrity": "sha512-xR87O95fZ7hljw84J8r1YDXrvffPLWN513BNOP4Bv0KcgG5dyEUrHwsvP7mVAOKg4Y80uqRbpUk0GKr8il70qg==",
      "dependencies": {
        "unique-random": "^2.1.0"
      },
      "engines": {
        "node": ">=8"
      }
    },
    "node_modules/uuid": {
      "version": "8.3.2",
      "resolved": "https://registry.npmjs.org/uuid/-/uuid-8.3.2.tgz",
      "integrity": "sha512-+NYs2QeMWy+GWFOEm9xnn6HCDp0l7QBD7ml8zLUmJ+93Q5NF0NocErnwkTkXVFNiX3/fpC6afS8Dhb/gz7R7eg==",
      "bin": {
        "uuid": "dist/bin/uuid"
      }
    },
    "node_modules/vite": {
      "version": "2.6.13",
      "resolved": "https://registry.npmjs.org/vite/-/vite-2.6.13.tgz",
      "integrity": "sha512-+tGZ1OxozRirTudl4M3N3UTNJOlxdVo/qBl2IlDEy/ZpTFcskp+k5ncNjayR3bRYTCbqSOFz2JWGN1UmuDMScA==",
      "dev": true,
      "dependencies": {
        "esbuild": "^0.13.2",
        "postcss": "^8.3.8",
        "resolve": "^1.20.0",
        "rollup": "^2.57.0"
      },
      "bin": {
        "vite": "bin/vite.js"
      },
      "engines": {
        "node": ">=12.2.0"
      },
      "optionalDependencies": {
        "fsevents": "~2.3.2"
      },
      "peerDependencies": {
        "less": "*",
        "sass": "*",
        "stylus": "*"
      },
      "peerDependenciesMeta": {
        "less": {
          "optional": true
        },
        "sass": {
          "optional": true
        },
        "stylus": {
          "optional": true
        }
      }
    },
    "node_modules/ws": {
      "version": "8.2.3",
      "resolved": "https://registry.npmjs.org/ws/-/ws-8.2.3.tgz",
      "integrity": "sha512-wBuoj1BDpC6ZQ1B7DWQBYVLphPWkm8i9Y0/3YdHjHKHiohOJ1ws+3OccDWtH+PoC9DZD5WOTrJvNbWvjS6JWaA==",
      "engines": {
        "node": ">=10.0.0"
      },
      "peerDependencies": {
        "bufferutil": "^4.0.1",
        "utf-8-validate": "^5.0.2"
      },
      "peerDependenciesMeta": {
        "bufferutil": {
          "optional": true
        },
        "utf-8-validate": {
          "optional": true
        }
      }
    },
    "node_modules/xmlhttprequest-ssl": {
      "version": "2.0.0",
      "resolved": "https://registry.npmjs.org/xmlhttprequest-ssl/-/xmlhttprequest-ssl-2.0.0.tgz",
      "integrity": "sha512-QKxVRxiRACQcVuQEYFsI1hhkrMlrXHPegbbd1yn9UHOmRxY+si12nQYzri3vbzt8VdTTRviqcKxcyllFas5z2A==",
      "engines": {
        "node": ">=0.4.0"
      }
    },
    "node_modules/yeast": {
      "version": "0.1.2",
      "resolved": "https://registry.npmjs.org/yeast/-/yeast-0.1.2.tgz",
      "integrity": "sha1-AI4G2AlDIMNy28L47XagymyKxBk="
    }
  },
  "dependencies": {
    "@socket.io/component-emitter": {
      "version": "3.0.0",
      "resolved": "https://registry.npmjs.org/@socket.io/component-emitter/-/component-emitter-3.0.0.tgz",
      "integrity": "sha512-2pTGuibAXJswAPJjaKisthqS/NOK5ypG4LYT6tEAV0S/mxW0zOIvYvGK0V8w8+SHxAm6vRMSjqSalFXeBAqs+Q=="
    },
    "@svgdotjs/svg.js": {
      "version": "3.1.1",
      "resolved": "https://registry.npmjs.org/@svgdotjs/svg.js/-/svg.js-3.1.1.tgz",
      "integrity": "sha512-73FggAUBS+zuHhJOMZiAsuE5qpwA4pmWUbLuvof2g3YnWEc3QhXA3tjqZlJJukBobSA23a/avf1Vb1U1QbER1Q=="
    },
    "backo2": {
      "version": "1.0.2",
      "resolved": "https://registry.npmjs.org/backo2/-/backo2-1.0.2.tgz",
      "integrity": "sha1-MasayLEpNjRj41s+u2n038+6eUc="
    },
    "base64-arraybuffer": {
      "version": "1.0.1",
      "resolved": "https://registry.npmjs.org/base64-arraybuffer/-/base64-arraybuffer-1.0.1.tgz",
      "integrity": "sha512-vFIUq7FdLtjZMhATwDul5RZWv2jpXQ09Pd6jcVEOvIsqCWTRFD/ONHNfyOS8dA/Ippi5dsIgpyKWKZaAKZltbA=="
    },
    "crypto-js": {
      "version": "4.1.1",
      "resolved": "https://registry.npmjs.org/crypto-js/-/crypto-js-4.1.1.tgz",
      "integrity": "sha512-o2JlM7ydqd3Qk9CA0L4NL6mTzU2sdx96a+oOfPu8Mkl/PK51vSyoi8/rQ8NknZtk44vq15lmhAj9CIAGwgeWKw=="
    },
    "debug": {
      "version": "4.3.2",
      "resolved": "https://registry.npmjs.org/debug/-/debug-4.3.2.tgz",
      "integrity": "sha512-mOp8wKcvj7XxC78zLgw/ZA+6TSgkoE2C/ienthhRD298T7UNwAg9diBpLRxC0mOezLl4B0xV7M0cCO6P/O0Xhw==",
      "requires": {
        "ms": "2.1.2"
      }
    },
    "engine.io-client": {
      "version": "6.1.1",
      "resolved": "https://registry.npmjs.org/engine.io-client/-/engine.io-client-6.1.1.tgz",
      "integrity": "sha512-V05mmDo4gjimYW+FGujoGmmmxRaDsrVr7AXA3ZIfa04MWM1jOfZfUwou0oNqhNwy/votUDvGDt4JA4QF4e0b4g==",
      "requires": {
        "@socket.io/component-emitter": "~3.0.0",
        "debug": "~4.3.1",
        "engine.io-parser": "~5.0.0",
        "has-cors": "1.1.0",
        "parseqs": "0.0.6",
        "parseuri": "0.0.6",
        "ws": "~8.2.3",
        "xmlhttprequest-ssl": "~2.0.0",
        "yeast": "0.1.2"
      }
    },
    "engine.io-parser": {
      "version": "5.0.2",
      "resolved": "https://registry.npmjs.org/engine.io-parser/-/engine.io-parser-5.0.2.tgz",
      "integrity": "sha512-wuiO7qO/OEkPJSFueuATIXtrxF7/6GTbAO9QLv7nnbjwZ5tYhLm9zxvLwxstRs0dcT0KUlWTjtIOs1T86jt12g==",
      "requires": {
        "base64-arraybuffer": "~1.0.1"
      }
    },
    "esbuild": {
      "version": "0.13.12",
      "resolved": "https://registry.npmjs.org/esbuild/-/esbuild-0.13.12.tgz",
      "integrity": "sha512-vTKKUt+yoz61U/BbrnmlG9XIjwpdIxmHB8DlPR0AAW6OdS+nBQBci6LUHU2q9WbBobMEIQxxDpKbkmOGYvxsow==",
      "dev": true,
      "requires": {
        "esbuild-android-arm64": "0.13.12",
        "esbuild-darwin-64": "0.13.12",
        "esbuild-darwin-arm64": "0.13.12",
        "esbuild-freebsd-64": "0.13.12",
        "esbuild-freebsd-arm64": "0.13.12",
        "esbuild-linux-32": "0.13.12",
        "esbuild-linux-64": "0.13.12",
        "esbuild-linux-arm": "0.13.12",
        "esbuild-linux-arm64": "0.13.12",
        "esbuild-linux-mips64le": "0.13.12",
        "esbuild-linux-ppc64le": "0.13.12",
        "esbuild-netbsd-64": "0.13.12",
        "esbuild-openbsd-64": "0.13.12",
        "esbuild-sunos-64": "0.13.12",
        "esbuild-windows-32": "0.13.12",
        "esbuild-windows-64": "0.13.12",
        "esbuild-windows-arm64": "0.13.12"
      }
    },
    "esbuild-android-arm64": {
      "version": "0.13.12",
      "resolved": "https://registry.npmjs.org/esbuild-android-arm64/-/esbuild-android-arm64-0.13.12.tgz",
      "integrity": "sha512-TSVZVrb4EIXz6KaYjXfTzPyyRpXV5zgYIADXtQsIenjZ78myvDGaPi11o4ZSaHIwFHsuwkB6ne5SZRBwAQ7maw==",
      "dev": true,
      "optional": true
    },
    "esbuild-darwin-64": {
      "version": "0.13.12",
      "resolved": "https://registry.npmjs.org/esbuild-darwin-64/-/esbuild-darwin-64-0.13.12.tgz",
      "integrity": "sha512-c51C+N+UHySoV2lgfWSwwmlnLnL0JWj/LzuZt9Ltk9ub1s2Y8cr6SQV5W3mqVH1egUceew6KZ8GyI4nwu+fhsw==",
      "dev": true,
      "optional": true
    },
    "esbuild-darwin-arm64": {
      "version": "0.13.12",
      "resolved": "https://registry.npmjs.org/esbuild-darwin-arm64/-/esbuild-darwin-arm64-0.13.12.tgz",
      "integrity": "sha512-JvAMtshP45Hd8A8wOzjkY1xAnTKTYuP/QUaKp5eUQGX+76GIie3fCdUUr2ZEKdvpSImNqxiZSIMziEiGB5oUmQ==",
      "dev": true,
      "optional": true
    },
    "esbuild-freebsd-64": {
      "version": "0.13.12",
      "resolved": "https://registry.npmjs.org/esbuild-freebsd-64/-/esbuild-freebsd-64-0.13.12.tgz",
      "integrity": "sha512-r6On/Skv9f0ZjTu6PW5o7pdXr8aOgtFOEURJZYf1XAJs0IQ+gW+o1DzXjVkIoT+n1cm3N/t1KRJfX71MPg/ZUA==",
      "dev": true,
      "optional": true
    },
    "esbuild-freebsd-arm64": {
      "version": "0.13.12",
      "resolved": "https://registry.npmjs.org/esbuild-freebsd-arm64/-/esbuild-freebsd-arm64-0.13.12.tgz",
      "integrity": "sha512-F6LmI2Q1gii073kmBE3NOTt/6zLL5zvZsxNLF8PMAwdHc+iBhD1vzfI8uQZMJA1IgXa3ocr3L3DJH9fLGXy6Yw==",
      "dev": true,
      "optional": true
    },
    "esbuild-linux-32": {
      "version": "0.13.12",
      "resolved": "https://registry.npmjs.org/esbuild-linux-32/-/esbuild-linux-32-0.13.12.tgz",
      "integrity": "sha512-U1UZwG3UIwF7/V4tCVAo/nkBV9ag5KJiJTt+gaCmLVWH3bPLX7y+fNlhIWZy8raTMnXhMKfaTvWZ9TtmXzvkuQ==",
      "dev": true,
      "optional": true
    },
    "esbuild-linux-64": {
      "version": "0.13.12",
      "resolved": "https://registry.npmjs.org/esbuild-linux-64/-/esbuild-linux-64-0.13.12.tgz",
      "integrity": "sha512-YpXSwtu2NxN3N4ifJxEdsgd6Q5d8LYqskrAwjmoCT6yQnEHJSF5uWcxv783HWN7lnGpJi9KUtDvYsnMdyGw71Q==",
      "dev": true,
      "optional": true
    },
    "esbuild-linux-arm": {
      "version": "0.13.12",
      "resolved": "https://registry.npmjs.org/esbuild-linux-arm/-/esbuild-linux-arm-0.13.12.tgz",
      "integrity": "sha512-SyiT/JKxU6J+DY2qUiSLZJqCAftIt3uoGejZ0HDnUM2MGJqEGSGh7p1ecVL2gna3PxS4P+j6WAehCwgkBPXNIw==",
      "dev": true,
      "optional": true
    },
    "esbuild-linux-arm64": {
      "version": "0.13.12",
      "resolved": "https://registry.npmjs.org/esbuild-linux-arm64/-/esbuild-linux-arm64-0.13.12.tgz",
      "integrity": "sha512-sgDNb8kb3BVodtAlcFGgwk+43KFCYjnFOaOfJibXnnIojNWuJHpL6aQJ4mumzNWw8Rt1xEtDQyuGK9f+Y24jGA==",
      "dev": true,
      "optional": true
    },
    "esbuild-linux-mips64le": {
      "version": "0.13.12",
      "resolved": "https://registry.npmjs.org/esbuild-linux-mips64le/-/esbuild-linux-mips64le-0.13.12.tgz",
      "integrity": "sha512-qQJHlZBG+QwVIA8AbTEtbvF084QgDi4DaUsUnA+EolY1bxrG+UyOuGflM2ZritGhfS/k7THFjJbjH2wIeoKA2g==",
      "dev": true,
      "optional": true
    },
    "esbuild-linux-ppc64le": {
      "version": "0.13.12",
      "resolved": "https://registry.npmjs.org/esbuild-linux-ppc64le/-/esbuild-linux-ppc64le-0.13.12.tgz",
      "integrity": "sha512-2dSnm1ldL7Lppwlo04CGQUpwNn5hGqXI38OzaoPOkRsBRWFBozyGxTFSee/zHFS+Pdh3b28JJbRK3owrrRgWNw==",
      "dev": true,
      "optional": true
    },
    "esbuild-netbsd-64": {
      "version": "0.13.12",
      "resolved": "https://registry.npmjs.org/esbuild-netbsd-64/-/esbuild-netbsd-64-0.13.12.tgz",
      "integrity": "sha512-D4raxr02dcRiQNbxOLzpqBzcJNFAdsDNxjUbKkDMZBkL54Z0vZh4LRndycdZAMcIdizC/l/Yp/ZsBdAFxc5nbA==",
      "dev": true,
      "optional": true
    },
    "esbuild-openbsd-64": {
      "version": "0.13.12",
      "resolved": "https://registry.npmjs.org/esbuild-openbsd-64/-/esbuild-openbsd-64-0.13.12.tgz",
      "integrity": "sha512-KuLCmYMb2kh05QuPJ+va60bKIH5wHL8ypDkmpy47lzwmdxNsuySeCMHuTv5o2Af1RUn5KLO5ZxaZeq4GEY7DaQ==",
      "dev": true,
      "optional": true
    },
    "esbuild-sunos-64": {
      "version": "0.13.12",
      "resolved": "https://registry.npmjs.org/esbuild-sunos-64/-/esbuild-sunos-64-0.13.12.tgz",
      "integrity": "sha512-jBsF+e0woK3miKI8ufGWKG3o3rY9DpHvCVRn5eburMIIE+2c+y3IZ1srsthKyKI6kkXLvV4Cf/E7w56kLipMXw==",
      "dev": true,
      "optional": true
    },
    "esbuild-windows-32": {
      "version": "0.13.12",
      "resolved": "https://registry.npmjs.org/esbuild-windows-32/-/esbuild-windows-32-0.13.12.tgz",
      "integrity": "sha512-L9m4lLFQrFeR7F+eLZXG82SbXZfUhyfu6CexZEil6vm+lc7GDCE0Q8DiNutkpzjv1+RAbIGVva9muItQ7HVTkQ==",
      "dev": true,
      "optional": true
    },
    "esbuild-windows-64": {
      "version": "0.13.12",
      "resolved": "https://registry.npmjs.org/esbuild-windows-64/-/esbuild-windows-64-0.13.12.tgz",
      "integrity": "sha512-k4tX4uJlSbSkfs78W5d9+I9gpd+7N95W7H2bgOMFPsYREVJs31+Q2gLLHlsnlY95zBoPQMIzHooUIsixQIBjaQ==",
      "dev": true,
      "optional": true
    },
    "esbuild-windows-arm64": {
      "version": "0.13.12",
      "resolved": "https://registry.npmjs.org/esbuild-windows-arm64/-/esbuild-windows-arm64-0.13.12.tgz",
      "integrity": "sha512-2tTv/BpYRIvuwHpp2M960nG7uvL+d78LFW/ikPItO+2GfK51CswIKSetSpDii+cjz8e9iSPgs+BU4o8nWICBwQ==",
      "dev": true,
      "optional": true
    },
    "fsevents": {
      "version": "2.3.2",
      "resolved": "https://registry.npmjs.org/fsevents/-/fsevents-2.3.2.tgz",
      "integrity": "sha512-xiqMQR4xAeHTuB9uWm+fFRcIOgKBMiOBP+eXiyT7jsgVCq1bkVygt00oASowB7EdtpOHaaPgKt812P9ab+DDKA==",
      "dev": true,
      "optional": true
    },
    "function-bind": {
      "version": "1.1.1",
      "resolved": "https://registry.npmjs.org/function-bind/-/function-bind-1.1.1.tgz",
      "integrity": "sha512-yIovAzMX49sF8Yl58fSCWJ5svSLuaibPxXQJFLmBObTuCr0Mf1KiPopGM9NiFjiYBCbfaa2Fh6breQ6ANVTI0A==",
      "dev": true
    },
    "has": {
      "version": "1.0.3",
      "resolved": "https://registry.npmjs.org/has/-/has-1.0.3.tgz",
      "integrity": "sha512-f2dvO0VU6Oej7RkWJGrehjbzMAjFp5/VKPp5tTpWIV4JHHZK1/BxbFRtf/siA2SWTe09caDmVtYYzWEIbBS4zw==",
      "dev": true,
      "requires": {
        "function-bind": "^1.1.1"
      }
    },
    "has-cors": {
      "version": "1.1.0",
      "resolved": "https://registry.npmjs.org/has-cors/-/has-cors-1.1.0.tgz",
      "integrity": "sha1-XkdHk/fqmEPRu5nCPu9J/xJv/zk="
    },
    "is-core-module": {
      "version": "2.8.0",
      "resolved": "https://registry.npmjs.org/is-core-module/-/is-core-module-2.8.0.tgz",
      "integrity": "sha512-vd15qHsaqrRL7dtH6QNuy0ndJmRDrS9HAM1CAiSifNUFv4x1a0CCVsj18hJ1mShxIG6T2i1sO78MkP56r0nYRw==",
      "dev": true,
      "requires": {
        "has": "^1.0.3"
      }
    },
    "mousetrap": {
      "version": "1.6.5",
      "resolved": "https://registry.npmjs.org/mousetrap/-/mousetrap-1.6.5.tgz",
      "integrity": "sha512-QNo4kEepaIBwiT8CDhP98umTetp+JNfQYBWvC1pc6/OAibuXtRcxZ58Qz8skvEHYvURne/7R8T5VoOI7rDsEUA=="
    },
    "ms": {
      "version": "2.1.2",
      "resolved": "https://registry.npmjs.org/ms/-/ms-2.1.2.tgz",
      "integrity": "sha512-sGkPx+VjMtmA6MX27oA4FBFELFCZZ4S4XqeGOXCv68tT+jb3vk/RyaKWP0PTKyWtmLSM0b+adUTEvbs1PEaH2w=="
    },
    "nanoid": {
      "version": "3.1.30",
      "resolved": "https://registry.npmjs.org/nanoid/-/nanoid-3.1.30.tgz",
      "integrity": "sha512-zJpuPDwOv8D2zq2WRoMe1HsfZthVewpel9CAvTfc/2mBD1uUT/agc5f7GHGWXlYkFvi1mVxe4IjvP2HNrop7nQ==",
      "dev": true
    },
    "parseqs": {
      "version": "0.0.6",
      "resolved": "https://registry.npmjs.org/parseqs/-/parseqs-0.0.6.tgz",
      "integrity": "sha512-jeAGzMDbfSHHA091hr0r31eYfTig+29g3GKKE/PPbEQ65X0lmMwlEoqmhzu0iztID5uJpZsFlUPDP8ThPL7M8w=="
    },
    "parseuri": {
      "version": "0.0.6",
      "resolved": "https://registry.npmjs.org/parseuri/-/parseuri-0.0.6.tgz",
      "integrity": "sha512-AUjen8sAkGgao7UyCX6Ahv0gIK2fABKmYjvP4xmy5JaKvcbTRueIqIPHLAfq30xJddqSE033IOMUSOMCcK3Sow=="
    },
    "path-parse": {
      "version": "1.0.7",
      "resolved": "https://registry.npmjs.org/path-parse/-/path-parse-1.0.7.tgz",
      "integrity": "sha512-LDJzPVEEEPR+y48z93A0Ed0yXb8pAByGWo/k5YYdYgpY2/2EsOsksJrq7lOHxryrVOn1ejG6oAp8ahvOIQD8sw==",
      "dev": true
    },
    "picocolors": {
      "version": "1.0.0",
      "resolved": "https://registry.npmjs.org/picocolors/-/picocolors-1.0.0.tgz",
      "integrity": "sha512-1fygroTLlHu66zi26VoTDv8yRgm0Fccecssto+MhsZ0D/DGW2sm8E8AjW7NU5VVTRt5GxbeZ5qBuJr+HyLYkjQ==",
      "dev": true
    },
    "postcss": {
      "version": "8.3.11",
      "resolved": "https://registry.npmjs.org/postcss/-/postcss-8.3.11.tgz",
      "integrity": "sha512-hCmlUAIlUiav8Xdqw3Io4LcpA1DOt7h3LSTAC4G6JGHFFaWzI6qvFt9oilvl8BmkbBRX1IhM90ZAmpk68zccQA==",
      "dev": true,
      "requires": {
        "nanoid": "^3.1.30",
        "picocolors": "^1.0.0",
        "source-map-js": "^0.6.2"
      }
    },
    "resolve": {
      "version": "1.20.0",
      "resolved": "https://registry.npmjs.org/resolve/-/resolve-1.20.0.tgz",
      "integrity": "sha512-wENBPt4ySzg4ybFQW2TT1zMQucPK95HSh/nq2CFTZVOGut2+pQvSsgtda4d26YrYcr067wjbmzOG8byDPBX63A==",
      "dev": true,
      "requires": {
        "is-core-module": "^2.2.0",
        "path-parse": "^1.0.6"
      }
    },
    "rollup": {
      "version": "2.59.0",
      "resolved": "https://registry.npmjs.org/rollup/-/rollup-2.59.0.tgz",
      "integrity": "sha512-l7s90JQhCQ6JyZjKgo7Lq1dKh2RxatOM+Jr6a9F7WbS9WgKbocyUSeLmZl8evAse7y96Ae98L2k1cBOwWD8nHw==",
      "dev": true,
      "requires": {
        "fsevents": "~2.3.2"
      }
    },
    "socket.io-client": {
      "version": "4.4.0",
      "resolved": "https://registry.npmjs.org/socket.io-client/-/socket.io-client-4.4.0.tgz",
      "integrity": "sha512-g7riSEJXi7qCFImPow98oT8X++MSsHz6MMFRXkWNJ6uEROSHOa3kxdrsYWMq85dO+09CFMkcqlpjvbVXQl4z6g==",
      "requires": {
        "@socket.io/component-emitter": "~3.0.0",
        "backo2": "~1.0.2",
        "debug": "~4.3.2",
        "engine.io-client": "~6.1.1",
        "parseuri": "0.0.6",
        "socket.io-parser": "~4.1.1"
      }
    },
    "socket.io-parser": {
      "version": "4.1.1",
      "resolved": "https://registry.npmjs.org/socket.io-parser/-/socket.io-parser-4.1.1.tgz",
      "integrity": "sha512-USQVLSkDWE5nbcY760ExdKaJxCE65kcsG/8k5FDGZVVxpD1pA7hABYXYkCUvxUuYYh/+uQw0N/fvBzfT8o07KA==",
      "requires": {
        "@socket.io/component-emitter": "~3.0.0",
        "debug": "~4.3.1"
      }
    },
    "source-map-js": {
      "version": "0.6.2",
      "resolved": "https://registry.npmjs.org/source-map-js/-/source-map-js-0.6.2.tgz",
      "integrity": "sha512-/3GptzWzu0+0MBQFrDKzw/DvvMTUORvgY6k6jd/VS6iCR4RDTKWH6v6WPwQoUO8667uQEf9Oe38DxAYWY5F/Ug==",
      "dev": true
    },
    "superb": {
      "version": "4.0.0",
      "resolved": "https://registry.npmjs.org/superb/-/superb-4.0.0.tgz",
      "integrity": "sha512-4Kie62y4kBxNGXXWJAVR63sdQlswBZq2G/x1d37pRQbjqfhIH1WPhirZFHZUpI76uCDrFnxej0F3NtEy1/H+OQ==",
      "requires": {
        "unique-random-array": "^2.0.0"
      }
    },
    "unique-random": {
      "version": "2.1.0",
      "resolved": "https://registry.npmjs.org/unique-random/-/unique-random-2.1.0.tgz",
      "integrity": "sha512-iQ1ZgWac3b8YxGThecQFRQiqgk6xFERRwHZIWeVVsqlbmgCRl0PY13R4mUkodNgctmg5b5odG1nyW/IbOxQTqg=="
    },
    "unique-random-array": {
      "version": "2.0.0",
      "resolved": "https://registry.npmjs.org/unique-random-array/-/unique-random-array-2.0.0.tgz",
      "integrity": "sha512-xR87O95fZ7hljw84J8r1YDXrvffPLWN513BNOP4Bv0KcgG5dyEUrHwsvP7mVAOKg4Y80uqRbpUk0GKr8il70qg==",
      "requires": {
        "unique-random": "^2.1.0"
      }
    },
    "uuid": {
      "version": "8.3.2",
      "resolved": "https://registry.npmjs.org/uuid/-/uuid-8.3.2.tgz",
      "integrity": "sha512-+NYs2QeMWy+GWFOEm9xnn6HCDp0l7QBD7ml8zLUmJ+93Q5NF0NocErnwkTkXVFNiX3/fpC6afS8Dhb/gz7R7eg=="
    },
    "vite": {
      "version": "2.6.13",
      "resolved": "https://registry.npmjs.org/vite/-/vite-2.6.13.tgz",
      "integrity": "sha512-+tGZ1OxozRirTudl4M3N3UTNJOlxdVo/qBl2IlDEy/ZpTFcskp+k5ncNjayR3bRYTCbqSOFz2JWGN1UmuDMScA==",
      "dev": true,
      "requires": {
        "esbuild": "^0.13.2",
        "fsevents": "~2.3.2",
        "postcss": "^8.3.8",
        "resolve": "^1.20.0",
        "rollup": "^2.57.0"
      }
    },
    "ws": {
      "version": "8.2.3",
      "resolved": "https://registry.npmjs.org/ws/-/ws-8.2.3.tgz",
      "integrity": "sha512-wBuoj1BDpC6ZQ1B7DWQBYVLphPWkm8i9Y0/3YdHjHKHiohOJ1ws+3OccDWtH+PoC9DZD5WOTrJvNbWvjS6JWaA==",
      "requires": {}
    },
    "xmlhttprequest-ssl": {
      "version": "2.0.0",
      "resolved": "https://registry.npmjs.org/xmlhttprequest-ssl/-/xmlhttprequest-ssl-2.0.0.tgz",
      "integrity": "sha512-QKxVRxiRACQcVuQEYFsI1hhkrMlrXHPegbbd1yn9UHOmRxY+si12nQYzri3vbzt8VdTTRviqcKxcyllFas5z2A=="
    },
    "yeast": {
      "version": "0.1.2",
      "resolved": "https://registry.npmjs.org/yeast/-/yeast-0.1.2.tgz",
      "integrity": "sha1-AI4G2AlDIMNy28L47XagymyKxBk="
    }
  }
}
